
Microsoft Visual Studio Solution File, Format Version 12.00
# Visual Studio Version 16
VisualStudioVersion = 16.0.31402.337
MinimumVisualStudioVersion = 10.0.40219.1
Project("{8BC9CEB8-8B4A-11D0-8D11-00A0C91BC942}") = "sugahara_task_0714", "sugahara_task_0714\sugahara_task_0714.vcxproj", "{CBBA6152-EF38-4188-9D8E-FE3465532195}"
EndProject
Global
	GlobalSection(SolutionConfigurationPlatforms) = preSolution
		Debug|x64 = Debug|x64
		Debug|x86 = Debug|x86
		Release|x64 = Release|x64
		Release|x86 = Release|x86
	EndGlobalSection
	GlobalSection(ProjectConfigurationPlatforms) = postSolution
		{CBBA6152-EF38-4188-9D8E-FE3465532195}.Debug|x64.ActiveCfg = Debug|x64
		{CBBA6152-EF38-4188-9D8E-FE3465532195}.Debug|x64.Build.0 = Debug|x64
		{CBBA6152-EF38-4188-9D8E-FE3465532195}.Debug|x86.ActiveCfg = Debug|Win32
		{CBBA6152-EF38-4188-9D8E-FE3465532195}.Debug|x86.Build.0 = Debug|Win32
		{CBBA6152-EF38-4188-9D8E-FE3465532195}.Release|x64.ActiveCfg = Release|x64
		{CBBA6152-EF38-4188-9D8E-FE3465532195}.Release|x64.Build.0 = Release|x64
		{CBBA6152-EF38-4188-9D8E-FE3465532195}.Release|x86.ActiveCfg = Release|Win32
		{CBBA6152-EF38-4188-9D8E-FE3465532195}.Release|x86.Build.0 = Release|Win32
	EndGlobalSection
	GlobalSection(SolutionProperties) = preSolution
		HideSolutionNode = FALSE
	EndGlobalSection
	GlobalSection(ExtensibilityGlobals) = postSolution
		SolutionGuid = {E51B1F87-9F6C-4E2E-AAB5-A417BAEE4C74}
	EndGlobalSection
EndGlobal
